
Microsoft Visual Studio Solution File, Format Version 12.00
# Visual Studio Version 16
VisualStudioVersion = 16.0.29326.143
MinimumVisualStudioVersion = 10.0.40219.1
Project("{9A19103F-16F7-4668-BE54-9A1E7A4F7556}") = "BasicPublishReadTest", "ConsoleApp1\BasicPublishReadTest.csproj", "{971F4376-9474-494F-9B89-A79AC7DF5E37}"
EndProject
Project("{FAE04EC0-301F-11D3-BF4B-00C04F79EFBC}") = "EventProcessorTest", "BasicEventProcessorTest\EventProcessorTest.csproj", "{752B652B-BC01-4AD5-BB44-1DEB4F8220F9}"
EndProject
Global
	GlobalSection(SolutionConfigurationPlatforms) = preSolution
		Debug|Any CPU = Debug|Any CPU
		Release|Any CPU = Release|Any CPU
	EndGlobalSection
	GlobalSection(ProjectConfigurationPlatforms) = postSolution
		{971F4376-9474-494F-9B89-A79AC7DF5E37}.Debug|Any CPU.ActiveCfg = Debug|Any CPU
		{971F4376-9474-494F-9B89-A79AC7DF5E37}.Debug|Any CPU.Build.0 = Debug|Any CPU
		{971F4376-9474-494F-9B89-A79AC7DF5E37}.Release|Any CPU.ActiveCfg = Release|Any CPU
		{971F4376-9474-494F-9B89-A79AC7DF5E37}.Release|Any CPU.Build.0 = Release|Any CPU
		{752B652B-BC01-4AD5-BB44-1DEB4F8220F9}.Debug|Any CPU.ActiveCfg = Debug|Any CPU
		{752B652B-BC01-4AD5-BB44-1DEB4F8220F9}.Debug|Any CPU.Build.0 = Debug|Any CPU
		{752B652B-BC01-4AD5-BB44-1DEB4F8220F9}.Release|Any CPU.ActiveCfg = Release|Any CPU
		{752B652B-BC01-4AD5-BB44-1DEB4F8220F9}.Release|Any CPU.Build.0 = Release|Any CPU
	EndGlobalSection
	GlobalSection(SolutionProperties) = preSolution
		HideSolutionNode = FALSE
	EndGlobalSection
	GlobalSection(ExtensibilityGlobals) = postSolution
		SolutionGuid = {4F501843-CF9B-4A6C-B4DB-3C053FC20CB6}
	EndGlobalSection
EndGlobal
