
Microsoft Visual Studio Solution File, Format Version 12.00
# Visual Studio Version 16
VisualStudioVersion = 16.0.29326.143
MinimumVisualStudioVersion = 10.0.40219.1
Project("{9A19103F-16F7-4668-BE54-9A1E7A4F7556}") = "BasicPublishReadTest", "BasicPublishReadTest\BasicPublishReadTest.csproj", "{971F4376-9474-494F-9B89-A79AC7DF5E37}"
EndProject
Project("{9A19103F-16F7-4668-BE54-9A1E7A4F7556}") = "EventProcessorTest", "BasicEventProcessorTest\EventProcessorTest.csproj", "{752B652B-BC01-4AD5-BB44-1DEB4F8220F9}"
EndProject
Project("{9A19103F-16F7-4668-BE54-9A1E7A4F7556}") = "EventProducerTest", "EventProducerTest\EventProducerTest.csproj", "{049E5030-E9C4-46A0-9875-47717FECD75D}"
EndProject
Project("{9A19103F-16F7-4668-BE54-9A1E7A4F7556}") = "TransportProducerPoolTest", "TransportProducerPoolTest\TransportProducerPoolTest.csproj", "{78D00A41-452F-4A24-98C4-4ACCCE435DD3}"
EndProject
Project("{9A19103F-16F7-4668-BE54-9A1E7A4F7556}") = "EventProcessorEmptyReadTest", "EventProcessorEmptyReadTest\EventProcessorEmptyReadTest.csproj", "{868A76C9-9A7C-46D7-984A-2491D6EF976B}"
EndProject
Project("{2150E333-8FDC-42A3-9474-1A3956D46DE8}") = "Shared", "Shared", "{703BBD8F-1A57-438C-A08C-A76F8B1F4C2C}"
	ProjectSection(SolutionItems) = preProject
		Shared\ArgumentFileReader.cs = Shared\ArgumentFileReader.cs
		Shared\AzureEventSourceListener.cs = Shared\AzureEventSourceListener.cs
		Shared\EventDataExtensions.cs = Shared\EventDataExtensions.cs
		Shared\EventGenerator.cs = Shared\EventGenerator.cs
	EndProjectSection
EndProject
Global
	GlobalSection(SolutionConfigurationPlatforms) = preSolution
		Debug|Any CPU = Debug|Any CPU
		Release|Any CPU = Release|Any CPU
	EndGlobalSection
	GlobalSection(ProjectConfigurationPlatforms) = postSolution
		{971F4376-9474-494F-9B89-A79AC7DF5E37}.Debug|Any CPU.ActiveCfg = Debug|Any CPU
		{971F4376-9474-494F-9B89-A79AC7DF5E37}.Debug|Any CPU.Build.0 = Debug|Any CPU
		{971F4376-9474-494F-9B89-A79AC7DF5E37}.Release|Any CPU.ActiveCfg = Release|Any CPU
		{971F4376-9474-494F-9B89-A79AC7DF5E37}.Release|Any CPU.Build.0 = Release|Any CPU
		{752B652B-BC01-4AD5-BB44-1DEB4F8220F9}.Debug|Any CPU.ActiveCfg = Debug|Any CPU
		{752B652B-BC01-4AD5-BB44-1DEB4F8220F9}.Debug|Any CPU.Build.0 = Debug|Any CPU
		{752B652B-BC01-4AD5-BB44-1DEB4F8220F9}.Release|Any CPU.ActiveCfg = Release|Any CPU
		{752B652B-BC01-4AD5-BB44-1DEB4F8220F9}.Release|Any CPU.Build.0 = Release|Any CPU
		{049E5030-E9C4-46A0-9875-47717FECD75D}.Debug|Any CPU.ActiveCfg = Debug|Any CPU
		{049E5030-E9C4-46A0-9875-47717FECD75D}.Debug|Any CPU.Build.0 = Debug|Any CPU
		{049E5030-E9C4-46A0-9875-47717FECD75D}.Release|Any CPU.ActiveCfg = Release|Any CPU
		{049E5030-E9C4-46A0-9875-47717FECD75D}.Release|Any CPU.Build.0 = Release|Any CPU
		{78D00A41-452F-4A24-98C4-4ACCCE435DD3}.Debug|Any CPU.ActiveCfg = Debug|Any CPU
		{78D00A41-452F-4A24-98C4-4ACCCE435DD3}.Debug|Any CPU.Build.0 = Debug|Any CPU
		{78D00A41-452F-4A24-98C4-4ACCCE435DD3}.Release|Any CPU.ActiveCfg = Release|Any CPU
		{78D00A41-452F-4A24-98C4-4ACCCE435DD3}.Release|Any CPU.Build.0 = Release|Any CPU
		{868A76C9-9A7C-46D7-984A-2491D6EF976B}.Debug|Any CPU.ActiveCfg = Debug|Any CPU
		{868A76C9-9A7C-46D7-984A-2491D6EF976B}.Debug|Any CPU.Build.0 = Debug|Any CPU
		{868A76C9-9A7C-46D7-984A-2491D6EF976B}.Release|Any CPU.ActiveCfg = Release|Any CPU
		{868A76C9-9A7C-46D7-984A-2491D6EF976B}.Release|Any CPU.Build.0 = Release|Any CPU
	EndGlobalSection
	GlobalSection(SolutionProperties) = preSolution
		HideSolutionNode = FALSE
	EndGlobalSection
	GlobalSection(ExtensibilityGlobals) = postSolution
		SolutionGuid = {4F501843-CF9B-4A6C-B4DB-3C053FC20CB6}
	EndGlobalSection
EndGlobal
